github.com/rabarar/goca v1.0.5 h1:716EjDwy+9QbW6G/kNS+bNjKVnZkXXXFndIekC6YPIA=
github.com/rabarar/goca v1.0.5/go.mod h1:EDh2/5DFtypvz6wsmFZ6gJBf8Z0RPqH3jbyewHzb5Jw=
github.com/rabarar/goca v1.0.6 h1:cOV+yuMHXKIFb/VBqk6K5B2Tg4CcEoHBtCk8a6GT7t8=
github.com/rabarar/goca v1.0.6/go.mod h1:EDh2/5DFtypvz6wsmFZ6gJBf8Z0RPqH3jbyewHzb5Jw=
github.com/rabarar/goca v1.0.7 h1:1UoEhpG4B9MLxt1CbgNTZlCMRffbMtcsG0YALSK61MA=
github.com/rabarar/goca v1.0.7/go.mod h1:EDh2/5DFtypvz6wsmFZ6gJBf8Z0RPqH3jbyewHzb5Jw=
github.com/rabarar/goca v1.0.8 h1:MiAASwfQ1AE1zqCs2bO6C/Ru4ttHqlxupp69tSE6WLY=
github.com/rabarar/goca v1.0.8/go.mod h1:EDh2/5DFtypvz6wsmFZ6gJBf8Z0RPqH3jbyewHzb5Jw=
github.com/rabarar/goca v1.0.9 h1:ipgLViEuju9gLgmX0IE00hdziCO+AvW6SMoGqukZ/Uw=
github.com/rabarar/goca v1.0.9/go.mod h1:EDh2/5DFtypvz6wsmFZ6gJBf8Z0RPqH3jbyewHzb5Jw=
