github.com/dgryski/dgoogauth v0.0.0-20190221195224-5a805980a5f3 h1:AqeKSZIG/NIC75MNQlPy/LM3LxfpLwahICJBHwSMFNc=
github.com/dgryski/dgoogauth v0.0.0-20190221195224-5a805980a5f3/go.mod h1:hEfFauPHz7+NnjR/yHJGhrKo1Za+zStgwUETx3yzqgY=
github.com/rabarar/covalid v1.0.0 h1:fjeloLbvkNMUYtfKofMrY/G7W9P4a/mr+4zuRteJJG0=
github.com/rabarar/covalid v1.0.0/go.mod h1:RNDdvmCq/kn/FPNtTnO+ewwaULw9pvBAQlHpy7RTB7A=
github.com/rabarar/covalid v1.0.1/go.mod h1:RNDdvmCq/kn/FPNtTnO+ewwaULw9pvBAQlHpy7RTB7A=
github.com/rabarar/crypto/covalid v1.1.2 h1:2dOaJJiuM8cqc/fNbTJc2TrYogdC3HDiQ28ncHNOhDk=
github.com/rabarar/crypto/covalid v1.1.2/go.mod h1:awa1yL0B4xklcDVJFhU9AeZ6otPwsJGOta+9cXQGZEo=
github.com/rabarar/crypto/covalid v1.1.3 h1:Gc0pRSQI69/aPUhmqhsCiMiXs5XhmsMgaLuOeS0dXOE=
github.com/rabarar/crypto/covalid v1.1.3/go.mod h1:awa1yL0B4xklcDVJFhU9AeZ6otPwsJGOta+9cXQGZEo=
github.com/rabarar/crypto/covalid v1.1.4 h1:1UReOyj0EFJMAAJVR77LffattaPJfFOUVq9QGcyjE4A=
github.com/rabarar/crypto/covalid v1.1.4/go.mod h1:djkNOWhJi1/kCAbmdFaYgjxDKatZoezJWR1AZTuwPnE=
github.com/rabarar/crypto/covalid v1.1.5 h1:l7Ea9dZfKx902TZfsisJvF9NN/HBN+fGw05isCfhP28=
github.com/rabarar/crypto/covalid v1.1.5/go.mod h1:djkNOWhJi1/kCAbmdFaYgjxDKatZoezJWR1AZTuwPnE=
github.com/rabarar/crypto/covalid v1.1.6 h1:aEJl6L7zMLUnCr70+foL2fLcg1BVEatZJPkpWCQtDfI=
github.com/rabarar/crypto/covalid v1.1.6/go.mod h1:djkNOWhJi1/kCAbmdFaYgjxDKatZoezJWR1AZTuwPnE=
github.com/rabarar/crypto/covalid v1.1.7 h1:0uu0l05I7Y4UHz4HdDo/NlnFLIa1XipEBkWkeiwSOt8=
github.com/rabarar/crypto/covalid v1.1.7/go.mod h1:VcRK9Sp0n7vnFbFgvvxv7mlsdz+zT/vVWCG2yz6ultQ=
github.com/rabarar/crypto/covalid v1.1.8 h1:6I9npK00YNHrE5OIF3sAI8l8/WDTUO8wBB1JRHHnEkM=
github.com/rabarar/crypto/covalid v1.1.8/go.mod h1:VcRK9Sp0n7vnFbFgvvxv7mlsdz+zT/vVWCG2yz6ultQ=
github.com/rabarar/crypto/covalid v1.1.9 h1:jNuI9VxGMgws/1wwB4OhRA+2LnbWWcGpOM1aqIjkPqw=
github.com/rabarar/crypto/covalid v1.1.9/go.mod h1:VcRK9Sp0n7vnFbFgvvxv7mlsdz+zT/vVWCG2yz6ultQ=
github.com/rabarar/crypto/covalid v1.2.0 h1:OXlWTrEHA1kyOPl506t8kfJEO0HNN+rC9r77bnRMp3s=
github.com/rabarar/crypto/covalid v1.2.0/go.mod h1:VcRK9Sp0n7vnFbFgvvxv7mlsdz+zT/vVWCG2yz6ultQ=
github.com/rabarar/crypto/covalid v1.2.1 h1:9apQQY7/kL4o2Sv8cRuKHP+ZtjVn9gmXG/mzTEXB9R0=
github.com/rabarar/crypto/covalid v1.2.1/go.mod h1:VcRK9Sp0n7vnFbFgvvxv7mlsdz+zT/vVWCG2yz6ultQ=
github.com/rabarar/crypto/covalid v1.2.2 h1:OJl7mw9fJ8sMYw5tKV2mY24aRn1GDXOtWw8jLxFZffs=
github.com/rabarar/crypto/covalid v1.2.2/go.mod h1:VcRK9Sp0n7vnFbFgvvxv7mlsdz+zT/vVWCG2yz6ultQ=
github.com/rabarar/crypto/covalid v1.2.3 h1:WSzehiiiSIbb5ndzXaMEJZSzUdyV9Lr027IaVY/7JEY=
github.com/rabarar/crypto/covalid v1.2.3/go.mod h1:VcRK9Sp0n7vnFbFgvvxv7mlsdz+zT/vVWCG2yz6ultQ=
github.com/rabarar/crypto/covalid v1.2.4 h1:f5VjchPC8f7uWoAwqjuWrIZDHa/viDFLaW2QlppEf7g=
github.com/rabarar/crypto/covalid v1.2.4/go.mod h1:VcRK9Sp0n7vnFbFgvvxv7mlsdz+zT/vVWCG2yz6ultQ=
github.com/rabarar/crypto/covalid v1.2.5 h1:1adny18HVwGfvRrMO69LJzlyh99mZRq94j+AGvYSUc4=
github.com/rabarar/crypto/covalid v1.2.5/go.mod h1:VcRK9Sp0n7vnFbFgvvxv7mlsdz+zT/vVWCG2yz6ultQ=
github.com/rabarar/crypto/covalid v1.2.6 h1:KygV71JsOeM6UG52W2MHg3LqoBSfZexKkqwwCYO/+aU=
github.com/rabarar/crypto/covalid v1.2.6/go.mod h1:VcRK9Sp0n7vnFbFgvvxv7mlsdz+zT/vVWCG2yz6ultQ=
github.com/rabarar/crypto/covalid v1.2.7 h1:Ck6ObexjLUsoJKYvubowHljqxUVcLg+8WF9tO4Ukql8=
github.com/rabarar/crypto/covalid v1.2.7/go.mod h1:VcRK9Sp0n7vnFbFgvvxv7mlsdz+zT/vVWCG2yz6ultQ=
github.com/rabarar/crypto/covalid v1.2.8 h1:kkL97UHU7fTbAEOFQKxZ17cU4QciNqO4plrIM+yC62g=
github.com/rabarar/crypto/covalid v1.2.8/go.mod h1:VcRK9Sp0n7vnFbFgvvxv7mlsdz+zT/vVWCG2yz6ultQ=
github.com/rabarar/crypto/goca v1.1.2 h1:4zQ+0aCLGRQDjnBCH3EkOlMmF6I6VP48tAVG68z5R0M=
github.com/rabarar/crypto/goca v1.1.2/go.mod h1:iOxf9YRjsD7eAzfcYZwfjfu5XzKu7eti7Jt4sQuGTDk=
github.com/rabarar/crypto/goca v1.1.5 h1:ODHE+wHUnGw96NuuYLR85Bx7HUbZwlyYPChpO3maIzw=
github.com/rabarar/crypto/goca v1.1.5/go.mod h1:iOxf9YRjsD7eAzfcYZwfjfu5XzKu7eti7Jt4sQuGTDk=
github.com/rabarar/crypto/goca v1.1.6 h1:USJr0f2LHzfcexrY+7HHy5YEjfcXEor0EHcqS7doR/0=
github.com/rabarar/crypto/goca v1.1.6/go.mod h1:iOxf9YRjsD7eAzfcYZwfjfu5XzKu7eti7Jt4sQuGTDk=
github.com/rabarar/crypto/goca v1.1.7 h1:1JeA0g3GF+aQxrodcIaf07JGa7gvNl/0uRb6lse1eiw=
github.com/rabarar/crypto/goca v1.1.7/go.mod h1:iOxf9YRjsD7eAzfcYZwfjfu5XzKu7eti7Jt4sQuGTDk=
github.com/rabarar/crypto/goca v1.1.8 h1:wETAcYkmLkQBmtkjtjctSGEDOjk8P0jmkPXM3KLIsXI=
github.com/rabarar/crypto/goca v1.1.8/go.mod h1:iOxf9YRjsD7eAzfcYZwfjfu5XzKu7eti7Jt4sQuGTDk=
github.com/rabarar/crypto/goca v1.1.9 h1:FlIJhPucsTG9GT68pOAz+ypxcf0bwj/lk25sIg3zSvQ=
github.com/rabarar/crypto/goca v1.1.9/go.mod h1:iOxf9YRjsD7eAzfcYZwfjfu5XzKu7eti7Jt4sQuGTDk=
github.com/rabarar/crypto/utils v1.0.1 h1:oeGwZ0qvX5i+JBXUaAqigLLK8Td/FqFlBgk2HjZgm1A=
github.com/rabarar/crypto/utils v1.0.1/go.mod h1:GtkFC2cXYFRacsiyHSktm5Mxilfwmt52Nts5H9mR5UQ=
github.com/rabarar/goca v1.0.9 h1:ipgLViEuju9gLgmX0IE00hdziCO+AvW6SMoGqukZ/Uw=
github.com/rabarar/goca v1.0.9/go.mod h1:EDh2/5DFtypvz6wsmFZ6gJBf8Z0RPqH3jbyewHzb5Jw=
github.com/skip2/go-qrcode v0.0.0-20191027152451-9434209cb086 h1:RYiqpb2ii2Z6J4x0wxK46kvPBbFuZcdhS+CIztmYgZs=
github.com/skip2/go-qrcode v0.0.0-20191027152451-9434209cb086/go.mod h1:PLPIyL7ikehBD1OAjmKKiOEhbvWyHGaNDjquXMcYABo=
