github.com/dgryski/dgoogauth v0.0.0-20190221195224-5a805980a5f3 h1:AqeKSZIG/NIC75MNQlPy/LM3LxfpLwahICJBHwSMFNc=
github.com/dgryski/dgoogauth v0.0.0-20190221195224-5a805980a5f3/go.mod h1:hEfFauPHz7+NnjR/yHJGhrKo1Za+zStgwUETx3yzqgY=
github.com/rabarar/crypto/goca v1.1.4 h1:BIsnYviZJGm49UCmhd5TeTztIcM5IyRKV93x6WVCF5E=
github.com/rabarar/crypto/goca v1.1.4/go.mod h1:iOxf9YRjsD7eAzfcYZwfjfu5XzKu7eti7Jt4sQuGTDk=
github.com/rabarar/goca v1.0.9 h1:ipgLViEuju9gLgmX0IE00hdziCO+AvW6SMoGqukZ/Uw=
github.com/rabarar/goca v1.0.9/go.mod h1:EDh2/5DFtypvz6wsmFZ6gJBf8Z0RPqH3jbyewHzb5Jw=
